{
  "version": 4,
  "terraform_version": "1.13.0",
  "serial": 5,
  "lineage": "8bf8d99c-4d1d-0424-c8fc-4ed42d006a4c",
  "outputs": {},
  "resources": [
    {
      "mode": "managed",
      "type": "aws_vpc",
      "name": "main",
      "provider": "provider[\"registry.terraform.io/hashicorp/aws\"]",
      "instances": [
        {
          "schema_version": 1,
          "attributes": {
            "arn": "arn:aws:ec2:us-east-1:851725504263:vpc/vpc-0ddbd4c9f66b791da",
            "assign_generated_ipv6_cidr_block": false,
            "cidr_block": "10.0.0.0/16",
            "default_network_acl_id": "acl-0d2a3d4fd059c7552",
            "default_route_table_id": "rtb-09be17dfbfc564883",
            "default_security_group_id": "sg-00e52f81181817a14",
            "dhcp_options_id": "dopt-0014384218995a95a",
            "enable_dns_hostnames": false,
            "enable_dns_support": true,
            "enable_network_address_usage_metrics": false,
            "id": "vpc-0ddbd4c9f66b791da",
            "instance_tenancy": "default",
            "ipv4_ipam_pool_id": null,
            "ipv4_netmask_length": null,
            "ipv6_association_id": "",
            "ipv6_cidr_block": "",
            "ipv6_cidr_block_network_border_group": "",
            "ipv6_ipam_pool_id": "",
            "ipv6_netmask_length": 0,
            "main_route_table_id": "rtb-09be17dfbfc564883",
            "owner_id": "851725504263",
            "region": "us-east-1",
            "tags": {
              "Name": "EGL-enva-vpc",
              "Project": "EGL"
            },
            "tags_all": {
              "Name": "EGL-enva-vpc",
              "Project": "EGL"
            }
          },
          "sensitive_attributes": [],
          "identity_schema_version": 0,
          "private": "eyJzY2hlbWFfdmVyc2lvbiI6IjEifQ=="
        }
      ]
    }
  ],
  "check_results": null
}
